<?xml version="1.0" encoding="utf-8"?>
<Project ToolsVersion="4.0" xmlns="http://schemas.microsoft.com/developer/msbuild/2003">
  <ItemGroup>
    <Filter Include="Source Files">
      <UniqueIdentifier>{4FC737F1-C7A5-4376-A066-2A32D752A2FF}</UniqueIdentifier>
      <Extensions>cpp;c;cc;cxx;c++;def;odl;idl;hpj;bat;asm;asmx</Extensions>
    </Filter>
    <Filter Include="Header Files">
      <UniqueIdentifier>{93995380-89BD-4b04-88EB-625FBE52EBFB}</UniqueIdentifier>
      <Extensions>h;hh;hpp;hxx;h++;hm;inl;inc;ipp;xsd</Extensions>
    </Filter>
    <Filter Include="Resource Files">
      <UniqueIdentifier>{67DA6AB6-F800-4c08-8B7A-83BB121AAD01}</UniqueIdentifier>
      <Extensions>rc;ico;cur;bmp;dlg;rc2;rct;bin;rgs;gif;jpg;jpeg;jpe;resx;tiff;tif;png;wav;mfcribbon-ms</Extensions>
    </Filter>
  </ItemGroup>
  <ItemGroup>
    <ClCompile Include="ClassesAndObjects.cpp">
      <Filter>Source Files</Filter>
    </ClCompile>
    <ClCompile Include="Sentence-shifter.cpp">
      <Filter>Source Files</Filter>
    </ClCompile>
    <ClCompile Include="Sales.cpp">
      <Filter>Source Files</Filter>
    </ClCompile>
    <ClCompile Include="..\..\..\AppData\Local\Temp\Temp1_08.Classes-and-Objects exercises Demo.zip\Problem4.cpp">
      <Filter>Source Files</Filter>
    </ClCompile>
    <ClCompile Include="examRetakeNov19_ex1.cpp">
      <Filter>Source Files</Filter>
    </ClCompile>
    <ClCompile Include="examRetakeNov19_ex2.cpp">
      <Filter>Source Files</Filter>
    </ClCompile>
    <ClCompile Include="examRetakeNov19_ex3.cpp">
      <Filter>Source Files</Filter>
    </ClCompile>
    <ClCompile Include="examRetakeNov19_ex4.cpp">
      <Filter>Source Files</Filter>
    </ClCompile>
    <ClCompile Include="examNov19_ex_1solution.cpp">
      <Filter>Source Files</Filter>
    </ClCompile>
    <ClCompile Include="exam_Feb19_ex1.cpp">
      <Filter>Source Files</Filter>
    </ClCompile>
    <ClCompile Include="exam_Feb19_ex2.cpp">
      <Filter>Source Files</Filter>
    </ClCompile>
    <ClCompile Include="02. Car Dealership_Авторско Решение.cpp">
      <Filter>Source Files</Filter>
    </ClCompile>
    <ClCompile Include="exam_Feb19_ex3.cpp">
      <Filter>Source Files</Filter>
    </ClCompile>
    <ClCompile Include="exam_Feb19_ex4.cpp">
      <Filter>Source Files</Filter>
    </ClCompile>
    <ClCompile Include="Exam_Jan19_ex1Different_Strings.cpp">
      <Filter>Source Files</Filter>
    </ClCompile>
    <ClCompile Include="Exam_Jan19_ex2Planet.cpp">
      <Filter>Source Files</Filter>
    </ClCompile>
    <ClCompile Include="exam_Jan19_ex3ProductAndCities.cpp">
      <Filter>Source Files</Filter>
    </ClCompile>
    <ClCompile Include="exam_Jan19_ex4Costs.cpp">
      <Filter>Source Files</Filter>
    </ClCompile>
    <ClCompile Include="Jan2018_ex1_Sequence.cpp">
      <Filter>Source Files</Filter>
    </ClCompile>
    <ClCompile Include="Jan2018_ex2_CopyPaste.cpp">
      <Filter>Source Files</Filter>
    </ClCompile>
    <ClCompile Include="JAn2018_ex3_Visitors.cpp">
      <Filter>Source Files</Filter>
    </ClCompile>
    <ClCompile Include="Jan2018_ex4_Emails.cpp">
      <Filter>Source Files</Filter>
    </ClCompile>
    <ClCompile Include="July2018_ex3Teams.cpp">
      <Filter>Source Files</Filter>
    </ClCompile>
    <ClCompile Include="July2018_ex4Message.cpp">
      <Filter>Source Files</Filter>
    </ClCompile>
    <ClCompile Include="July2018_ex2CopyPaste.cpp">
      <Filter>Source Files</Filter>
    </ClCompile>
    <ClCompile Include="training.cpp">
      <Filter>Source Files</Filter>
    </ClCompile>
    <ClCompile Include="June2018_ex1Hex_Colors.cpp">
      <Filter>Source Files</Filter>
    </ClCompile>
    <ClCompile Include="June2018_ex2Similarity.cpp">
      <Filter>Source Files</Filter>
    </ClCompile>
    <ClCompile Include="June2018_ex3_Commands.cpp">
      <Filter>Source Files</Filter>
    </ClCompile>
    <ClCompile Include="June2018_ex4_TwoDimentional.cpp">
      <Filter>Source Files</Filter>
    </ClCompile>
    <ClCompile Include="Exercise3_ClassBankAccount_w_ Menu.cpp">
      <Filter>Source Files</Filter>
    </ClCompile>
    <ClCompile Include="Exercise1_ClassStudent.cpp">
      <Filter>Source Files</Filter>
    </ClCompile>
    <ClCompile Include="Exercise4_ClassRationalNum.cpp">
      <Filter>Source Files</Filter>
    </ClCompile>
    <ClCompile Include="Exercise2_ClassCountryPopulation.cpp">
      <Filter>Source Files</Filter>
    </ClCompile>
    <ClCompile Include="examPrep-ex1_InsertNumsSortedVector.cpp">
      <Filter>Source Files</Filter>
    </ClCompile>
    <ClCompile Include="examPrep-ex2.cpp">
      <Filter>Source Files</Filter>
    </ClCompile>
    <ClCompile Include="exam-Prep-ex3_sumDiagonalSquaredMatrix.cpp">
      <Filter>Source Files</Filter>
    </ClCompile>
    <ClCompile Include="examPrep-ex5_ClassRectangleAreaPerim.cpp">
      <Filter>Source Files</Filter>
    </ClCompile>
    <ClCompile Include="examPrep-ex6_ClassTimeCalculation.cpp">
      <Filter>Source Files</Filter>
    </ClCompile>
    <ClCompile Include="examPrep-ex7_ClassStudentsAverage.cpp">
      <Filter>Source Files</Filter>
    </ClCompile>
    <ClCompile Include="examNov19_ex1_ReporterPeltek.cpp">
      <Filter>Source Files</Filter>
    </ClCompile>
    <ClCompile Include="examNov19_ex2_MatrixSquareManipulator.cpp">
      <Filter>Source Files</Filter>
    </ClCompile>
    <ClCompile Include="examNov19_ex3_SimpleCalculator.cpp">
      <Filter>Source Files</Filter>
    </ClCompile>
    <ClCompile Include="examNov19_ex4_MayanCalculator.cpp">
      <Filter>Source Files</Filter>
    </ClCompile>
    <ClCompile Include="Euclidean-distance_Class_cout_precision.cpp">
      <Filter>Source Files</Filter>
    </ClCompile>
    <ClCompile Include="2020JuneExam_pr1.cpp">
      <Filter>Source Files</Filter>
    </ClCompile>
    <ClCompile Include="2020JuneExam_pr2.cpp">
      <Filter>Source Files</Filter>
    </ClCompile>
    <ClCompile Include="2020JuneExam_pr3.cpp">
      <Filter>Source Files</Filter>
    </ClCompile>
    <ClCompile Include="examDec2017_ex1_BigDivision.cpp">
      <Filter>Source Files</Filter>
    </ClCompile>
    <ClCompile Include="3.cpp">
      <Filter>Source Files</Filter>
    </ClCompile>
  </ItemGroup>
  <ItemGroup>
    <ClInclude Include="BigInt.h">
      <Filter>Resource Files</Filter>
    </ClInclude>
  </ItemGroup>
</Project>