<?xml version="1.0" encoding="utf-8"?>
<Project ToolsVersion="4.0" xmlns="http://schemas.microsoft.com/developer/msbuild/2003">
  <ItemGroup>
    <Filter Include="Source Files">
      <UniqueIdentifier>{4FC737F1-C7A5-4376-A066-2A32D752A2FF}</UniqueIdentifier>
      <Extensions>cpp;c;cc;cxx;c++;def;odl;idl;hpj;bat;asm;asmx</Extensions>
    </Filter>
    <Filter Include="Header Files">
      <UniqueIdentifier>{93995380-89BD-4b04-88EB-625FBE52EBFB}</UniqueIdentifier>
      <Extensions>h;hh;hpp;hxx;h++;hm;inl;inc;ipp;xsd</Extensions>
    </Filter>
    <Filter Include="Resource Files">
      <UniqueIdentifier>{67DA6AB6-F800-4c08-8B7A-83BB121AAD01}</UniqueIdentifier>
      <Extensions>rc;ico;cur;bmp;dlg;rc2;rct;bin;rgs;gif;jpg;jpeg;jpe;resx;tiff;tif;png;wav;mfcribbon-ms</Extensions>
    </Filter>
    <Filter Include="Source Files\01. Register">
      <UniqueIdentifier>{e38117b9-bb0f-4bc3-998f-3ced6541b022}</UniqueIdentifier>
    </Filter>
    <Filter Include="Source Files\02. RegisterOfThree">
      <UniqueIdentifier>{eca74def-1bca-404e-bf2a-5e905330be50}</UniqueIdentifier>
    </Filter>
    <Filter Include="Source Files\03. ArrayOfPinters">
      <UniqueIdentifier>{0e94256b-a656-49fe-9310-0a5ecd08df9d}</UniqueIdentifier>
    </Filter>
    <Filter Include="Source Files\04. Words">
      <UniqueIdentifier>{401332d0-85f4-4383-ac04-8582a24b3432}</UniqueIdentifier>
    </Filter>
    <Filter Include="Source Files\05. List">
      <UniqueIdentifier>{9ed75288-41d7-476a-8b0c-41119435080f}</UniqueIdentifier>
    </Filter>
  </ItemGroup>
  <ItemGroup>
    <ClCompile Include="destructorsConstructorsCopyAssignments.cpp">
      <Filter>Source Files</Filter>
    </ClCompile>
    <ClCompile Include="01. Register\Skeleton\RegisterMain.cpp">
      <Filter>Source Files\01. Register</Filter>
    </ClCompile>
    <ClCompile Include="02. RegisterOfThree\Skeleton\RegisterMain.cpp">
      <Filter>Source Files\02. RegisterOfThree</Filter>
    </ClCompile>
    <ClCompile Include="02. RegisterOfThree\Skeleton\Register.cpp">
      <Filter>Source Files\02. RegisterOfThree</Filter>
    </ClCompile>
    <ClCompile Include="03. ArrayOfPointers\Skeleton\ArrayOfPointersMain.cpp">
      <Filter>Source Files\03. ArrayOfPinters</Filter>
    </ClCompile>
    <ClCompile Include="04. Words\Skeleton\WordsMain.cpp">
      <Filter>Source Files\04. Words</Filter>
    </ClCompile>
    <ClCompile Include="04. Words\Skeleton\Word.cpp">
      <Filter>Source Files\04. Words</Filter>
    </ClCompile>
    <ClCompile Include="05. List\Skeleton\ListMain.cpp">
      <Filter>Source Files\05. List</Filter>
    </ClCompile>
  </ItemGroup>
  <ItemGroup>
    <ClInclude Include="01. Register\Skeleton\Company.h">
      <Filter>Source Files\01. Register</Filter>
    </ClInclude>
    <ClInclude Include="01. Register\Skeleton\Register.h">
      <Filter>Source Files\01. Register</Filter>
    </ClInclude>
    <ClInclude Include="02. RegisterOfThree\Skeleton\Company.h">
      <Filter>Source Files\02. RegisterOfThree</Filter>
    </ClInclude>
    <ClInclude Include="02. RegisterOfThree\Skeleton\Register.h">
      <Filter>Source Files\02. RegisterOfThree</Filter>
    </ClInclude>
    <ClInclude Include="03. ArrayOfPointers\Skeleton\Company.h">
      <Filter>Source Files\03. ArrayOfPinters</Filter>
    </ClInclude>
    <ClInclude Include="03. ArrayOfPointers\Skeleton\ArrayOfPointers.h">
      <Filter>Source Files\03. ArrayOfPinters</Filter>
    </ClInclude>
    <ClInclude Include="04. Words\Skeleton\Word.h">
      <Filter>Source Files\04. Words</Filter>
    </ClInclude>
    <ClInclude Include="05. List\Skeleton\List.h">
      <Filter>Source Files\05. List</Filter>
    </ClInclude>
  </ItemGroup>
</Project>